
Microsoft Visual Studio Solution File, Format Version 12.00
# Visual Studio Version 17
VisualStudioVersion = 17.2.32616.157
MinimumVisualStudioVersion = 10.0.40219.1
Project("{FAE04EC0-301F-11D3-BF4B-00C04F79EFBC}") = "eTickett", "eTickett\eTickett.csproj", "{4BFC9D5E-8D68-44EE-9FEA-C9CBDB79B17B}"
EndProject
Global
	GlobalSection(SolutionConfigurationPlatforms) = preSolution
		Debug|Any CPU = Debug|Any CPU
		Release|Any CPU = Release|Any CPU
	EndGlobalSection
	GlobalSection(ProjectConfigurationPlatforms) = postSolution
		{4BFC9D5E-8D68-44EE-9FEA-C9CBDB79B17B}.Debug|Any CPU.ActiveCfg = Debug|Any CPU
		{4BFC9D5E-8D68-44EE-9FEA-C9CBDB79B17B}.Debug|Any CPU.Build.0 = Debug|Any CPU
		{4BFC9D5E-8D68-44EE-9FEA-C9CBDB79B17B}.Release|Any CPU.ActiveCfg = Release|Any CPU
		{4BFC9D5E-8D68-44EE-9FEA-C9CBDB79B17B}.Release|Any CPU.Build.0 = Release|Any CPU
	EndGlobalSection
	GlobalSection(SolutionProperties) = preSolution
		HideSolutionNode = FALSE
	EndGlobalSection
	GlobalSection(ExtensibilityGlobals) = postSolution
		SolutionGuid = {EFF0B6D2-E137-4AC7-AD91-9F6E9A2048C2}
	EndGlobalSection
EndGlobal
